// !$*UTF8*$!
{
	archiveVersion = 1;
	classes = {
	};
	objectVersion = 56;
	objects = {

/* Begin PBXBuildFile section */
		FD1E82E62B63CA8100964A1F /* MainView.swift in Sources */ = {isa = PBXBuildFile; fileRef = FD1E82E52B63CA8100964A1F /* MainView.swift */; };
		FD1E82E82B63CEB200964A1F /* AuthentificationView.swift in Sources */ = {isa = PBXBuildFile; fileRef = FD1E82E72B63CEB200964A1F /* AuthentificationView.swift */; };
		FD1E82EA2B641E7700964A1F /* GoogleService-Info.plist in Resources */ = {isa = PBXBuildFile; fileRef = FD1E82E92B641E7700964A1F /* GoogleService-Info.plist */; };
		FD1E82ED2B6420F700964A1F /* FirebaseAnalytics in Frameworks */ = {isa = PBXBuildFile; productRef = FD1E82EC2B6420F700964A1F /* FirebaseAnalytics */; };
		FD1E82F12B6420F700964A1F /* FirebaseAnalyticsSwift in Frameworks */ = {isa = PBXBuildFile; productRef = FD1E82F02B6420F700964A1F /* FirebaseAnalyticsSwift */; };
		FD1E82F92B6420F700964A1F /* FirebaseAuth in Frameworks */ = {isa = PBXBuildFile; productRef = FD1E82F82B6420F700964A1F /* FirebaseAuth */; };
		FDAC346F2B63C9EF008A6CD5 /* SocialMediaApp.swift in Sources */ = {isa = PBXBuildFile; fileRef = FDAC346E2B63C9EF008A6CD5 /* SocialMediaApp.swift */; };
		FDAC34732B63C9F1008A6CD5 /* Assets.xcassets in Resources */ = {isa = PBXBuildFile; fileRef = FDAC34722B63C9F1008A6CD5 /* Assets.xcassets */; };
		FDAC34762B63C9F1008A6CD5 /* Preview Assets.xcassets in Resources */ = {isa = PBXBuildFile; fileRef = FDAC34752B63C9F1008A6CD5 /* Preview Assets.xcassets */; };
		FDB2CB802B66525A00590551 /* NameUpdateView.swift in Sources */ = {isa = PBXBuildFile; fileRef = FDB2CB7F2B66525A00590551 /* NameUpdateView.swift */; };
		FDB2CB842B66B28100590551 /* PasswordUpdateView.swift in Sources */ = {isa = PBXBuildFile; fileRef = FDB2CB832B66B28100590551 /* PasswordUpdateView.swift */; };
		FDB2CB862B66B61F00590551 /* EmailUpdateView.swift in Sources */ = {isa = PBXBuildFile; fileRef = FDB2CB852B66B61F00590551 /* EmailUpdateView.swift */; };
		FDB2CB8A2B66B91800590551 /* PictureUpdateView.swift in Sources */ = {isa = PBXBuildFile; fileRef = FDB2CB892B66B91800590551 /* PictureUpdateView.swift */; };
		FDE3F5DC2B64B91E00AEB7A4 /* SocialMediaViewModel.swift in Sources */ = {isa = PBXBuildFile; fileRef = FDE3F5DB2B64B91E00AEB7A4 /* SocialMediaViewModel.swift */; };
		FDE3F5E22B64BFF600AEB7A4 /* SignInEmailView.swift in Sources */ = {isa = PBXBuildFile; fileRef = FDE3F5E12B64BFF600AEB7A4 /* SignInEmailView.swift */; };
		FDE3F5E42B64C3E500AEB7A4 /* AuthenticationManager.swift in Sources */ = {isa = PBXBuildFile; fileRef = FDE3F5E32B64C3E500AEB7A4 /* AuthenticationManager.swift */; };
		FDE3F5E82B6543E100AEB7A4 /* RootView.swift in Sources */ = {isa = PBXBuildFile; fileRef = FDE3F5E72B6543E100AEB7A4 /* RootView.swift */; };
		FDE3F5EA2B65472200AEB7A4 /* SettingsView.swift in Sources */ = {isa = PBXBuildFile; fileRef = FDE3F5E92B65472200AEB7A4 /* SettingsView.swift */; };
		FDE3F5EC2B656B6000AEB7A4 /* CustomCell.swift in Sources */ = {isa = PBXBuildFile; fileRef = FDE3F5EB2B656B6000AEB7A4 /* CustomCell.swift */; };
		FDE3F5EE2B656C1C00AEB7A4 /* MessagesView.swift in Sources */ = {isa = PBXBuildFile; fileRef = FDE3F5ED2B656C1C00AEB7A4 /* MessagesView.swift */; };
/* End PBXBuildFile section */

/* Begin PBXFileReference section */
		FD1E82E52B63CA8100964A1F /* MainView.swift */ = {isa = PBXFileReference; lastKnownFileType = sourcecode.swift; path = MainView.swift; sourceTree = "<group>"; };
		FD1E82E72B63CEB200964A1F /* AuthentificationView.swift */ = {isa = PBXFileReference; lastKnownFileType = sourcecode.swift; path = AuthentificationView.swift; sourceTree = "<group>"; };
		FD1E82E92B641E7700964A1F /* GoogleService-Info.plist */ = {isa = PBXFileReference; fileEncoding = 4; lastKnownFileType = text.plist.xml; path = "GoogleService-Info.plist"; sourceTree = "<group>"; };
		FDAC346B2B63C9EF008A6CD5 /* SocialMedia.app */ = {isa = PBXFileReference; explicitFileType = wrapper.application; includeInIndex = 0; path = SocialMedia.app; sourceTree = BUILT_PRODUCTS_DIR; };
		FDAC346E2B63C9EF008A6CD5 /* SocialMediaApp.swift */ = {isa = PBXFileReference; lastKnownFileType = sourcecode.swift; path = SocialMediaApp.swift; sourceTree = "<group>"; };
		FDAC34722B63C9F1008A6CD5 /* Assets.xcassets */ = {isa = PBXFileReference; lastKnownFileType = folder.assetcatalog; path = Assets.xcassets; sourceTree = "<group>"; };
		FDAC34752B63C9F1008A6CD5 /* Preview Assets.xcassets */ = {isa = PBXFileReference; lastKnownFileType = folder.assetcatalog; path = "Preview Assets.xcassets"; sourceTree = "<group>"; };
		FDB2CB7F2B66525A00590551 /* NameUpdateView.swift */ = {isa = PBXFileReference; lastKnownFileType = sourcecode.swift; path = NameUpdateView.swift; sourceTree = "<group>"; };
		FDB2CB832B66B28100590551 /* PasswordUpdateView.swift */ = {isa = PBXFileReference; lastKnownFileType = sourcecode.swift; path = PasswordUpdateView.swift; sourceTree = "<group>"; };
		FDB2CB852B66B61F00590551 /* EmailUpdateView.swift */ = {isa = PBXFileReference; lastKnownFileType = sourcecode.swift; path = EmailUpdateView.swift; sourceTree = "<group>"; };
		FDB2CB892B66B91800590551 /* PictureUpdateView.swift */ = {isa = PBXFileReference; lastKnownFileType = sourcecode.swift; path = PictureUpdateView.swift; sourceTree = "<group>"; };
		FDE3F5DB2B64B91E00AEB7A4 /* SocialMediaViewModel.swift */ = {isa = PBXFileReference; lastKnownFileType = sourcecode.swift; path = SocialMediaViewModel.swift; sourceTree = "<group>"; };
		FDE3F5E12B64BFF600AEB7A4 /* SignInEmailView.swift */ = {isa = PBXFileReference; lastKnownFileType = sourcecode.swift; path = SignInEmailView.swift; sourceTree = "<group>"; };
		FDE3F5E32B64C3E500AEB7A4 /* AuthenticationManager.swift */ = {isa = PBXFileReference; lastKnownFileType = sourcecode.swift; path = AuthenticationManager.swift; sourceTree = "<group>"; };
		FDE3F5E72B6543E100AEB7A4 /* RootView.swift */ = {isa = PBXFileReference; lastKnownFileType = sourcecode.swift; path = RootView.swift; sourceTree = "<group>"; };
		FDE3F5E92B65472200AEB7A4 /* SettingsView.swift */ = {isa = PBXFileReference; lastKnownFileType = sourcecode.swift; path = SettingsView.swift; sourceTree = "<group>"; };
		FDE3F5EB2B656B6000AEB7A4 /* CustomCell.swift */ = {isa = PBXFileReference; lastKnownFileType = sourcecode.swift; path = CustomCell.swift; sourceTree = "<group>"; };
		FDE3F5ED2B656C1C00AEB7A4 /* MessagesView.swift */ = {isa = PBXFileReference; lastKnownFileType = sourcecode.swift; path = MessagesView.swift; sourceTree = "<group>"; };
/* End PBXFileReference section */

/* Begin PBXFrameworksBuildPhase section */
		FDAC34682B63C9EF008A6CD5 /* Frameworks */ = {
			isa = PBXFrameworksBuildPhase;
			buildActionMask = 2147483647;
			files = (
				FD1E82F12B6420F700964A1F /* FirebaseAnalyticsSwift in Frameworks */,
				FD1E82ED2B6420F700964A1F /* FirebaseAnalytics in Frameworks */,
				FD1E82F92B6420F700964A1F /* FirebaseAuth in Frameworks */,
			);
			runOnlyForDeploymentPostprocessing = 0;
		};
/* End PBXFrameworksBuildPhase section */

/* Begin PBXGroup section */
		FD1E82E22B63CA3300964A1F /* Model */ = {
			isa = PBXGroup;
			children = (
			);
			path = Model;
			sourceTree = "<group>";
		};
		FD1E82E32B63CA3A00964A1F /* ViewModel */ = {
			isa = PBXGroup;
			children = (
				FDE3F5E32B64C3E500AEB7A4 /* AuthenticationManager.swift */,
				FDE3F5DB2B64B91E00AEB7A4 /* SocialMediaViewModel.swift */,
			);
			path = ViewModel;
			sourceTree = "<group>";
		};
		FD1E82E42B63CA4300964A1F /* View */ = {
			isa = PBXGroup;
			children = (
				FDE3F5E72B6543E100AEB7A4 /* RootView.swift */,
				FD1E82E72B63CEB200964A1F /* AuthentificationView.swift */,
				FDE3F5E12B64BFF600AEB7A4 /* SignInEmailView.swift */,
				FD1E82E52B63CA8100964A1F /* MainView.swift */,
				FDE3F5E92B65472200AEB7A4 /* SettingsView.swift */,
				FDE3F5ED2B656C1C00AEB7A4 /* MessagesView.swift */,
				FDB2CB812B66B07D00590551 /* ChangesView */,
				FDB2CB822B66B09500590551 /* TestViews */,
			);
			path = View;
			sourceTree = "<group>";
		};
		FDAC34622B63C9EF008A6CD5 = {
			isa = PBXGroup;
			children = (
				FDAC346D2B63C9EF008A6CD5 /* SocialMedia */,
				FDAC346C2B63C9EF008A6CD5 /* Products */,
			);
			sourceTree = "<group>";
		};
		FDAC346C2B63C9EF008A6CD5 /* Products */ = {
			isa = PBXGroup;
			children = (
				FDAC346B2B63C9EF008A6CD5 /* SocialMedia.app */,
			);
			name = Products;
			sourceTree = "<group>";
		};
		FDAC346D2B63C9EF008A6CD5 /* SocialMedia */ = {
			isa = PBXGroup;
			children = (
				FD1E82E92B641E7700964A1F /* GoogleService-Info.plist */,
				FDAC346E2B63C9EF008A6CD5 /* SocialMediaApp.swift */,
				FD1E82E42B63CA4300964A1F /* View */,
				FD1E82E32B63CA3A00964A1F /* ViewModel */,
				FD1E82E22B63CA3300964A1F /* Model */,
				FDAC34722B63C9F1008A6CD5 /* Assets.xcassets */,
				FDAC34742B63C9F1008A6CD5 /* Preview Content */,
			);
			path = SocialMedia;
			sourceTree = "<group>";
		};
		FDAC34742B63C9F1008A6CD5 /* Preview Content */ = {
			isa = PBXGroup;
			children = (
				FDAC34752B63C9F1008A6CD5 /* Preview Assets.xcassets */,
			);
			path = "Preview Content";
			sourceTree = "<group>";
		};
		FDB2CB812B66B07D00590551 /* ChangesView */ = {
			isa = PBXGroup;
			children = (
				FDB2CB7F2B66525A00590551 /* NameUpdateView.swift */,
				FDB2CB892B66B91800590551 /* PictureUpdateView.swift */,
				FDB2CB852B66B61F00590551 /* EmailUpdateView.swift */,
				FDB2CB832B66B28100590551 /* PasswordUpdateView.swift */,
			);
			path = ChangesView;
			sourceTree = "<group>";
		};
		FDB2CB822B66B09500590551 /* TestViews */ = {
			isa = PBXGroup;
			children = (
				FDE3F5EB2B656B6000AEB7A4 /* CustomCell.swift */,
			);
			path = TestViews;
			sourceTree = "<group>";
		};
/* End PBXGroup section */

/* Begin PBXNativeTarget section */
		FDAC346A2B63C9EF008A6CD5 /* SocialMedia */ = {
			isa = PBXNativeTarget;
			buildConfigurationList = FDAC34792B63C9F1008A6CD5 /* Build configuration list for PBXNativeTarget "SocialMedia" */;
			buildPhases = (
				FDAC34672B63C9EF008A6CD5 /* Sources */,
				FDAC34682B63C9EF008A6CD5 /* Frameworks */,
				FDAC34692B63C9EF008A6CD5 /* Resources */,
			);
			buildRules = (
			);
			dependencies = (
			);
			name = SocialMedia;
			packageProductDependencies = (
				FD1E82EC2B6420F700964A1F /* FirebaseAnalytics */,
				FD1E82F02B6420F700964A1F /* FirebaseAnalyticsSwift */,
				FD1E82F82B6420F700964A1F /* FirebaseAuth */,
			);
			productName = SocialMedia;
			productReference = FDAC346B2B63C9EF008A6CD5 /* SocialMedia.app */;
			productType = "com.apple.product-type.application";
		};
/* End PBXNativeTarget section */

/* Begin PBXProject section */
		FDAC34632B63C9EF008A6CD5 /* Project object */ = {
			isa = PBXProject;
			attributes = {
				BuildIndependentTargetsInParallel = 1;
				LastSwiftUpdateCheck = 1520;
				LastUpgradeCheck = 1520;
				TargetAttributes = {
					FDAC346A2B63C9EF008A6CD5 = {
						CreatedOnToolsVersion = 15.2;
					};
				};
			};
			buildConfigurationList = FDAC34662B63C9EF008A6CD5 /* Build configuration list for PBXProject "SocialMedia" */;
			compatibilityVersion = "Xcode 14.0";
			developmentRegion = en;
			hasScannedForEncodings = 0;
			knownRegions = (
				en,
				Base,
			);
			mainGroup = FDAC34622B63C9EF008A6CD5;
			packageReferences = (
				FD1E82EB2B6420F700964A1F /* XCRemoteSwiftPackageReference "firebase-ios-sdk" */,
			);
			productRefGroup = FDAC346C2B63C9EF008A6CD5 /* Products */;
			projectDirPath = "";
			projectRoot = "";
			targets = (
				FDAC346A2B63C9EF008A6CD5 /* SocialMedia */,
			);
		};
/* End PBXProject section */

/* Begin PBXResourcesBuildPhase section */
		FDAC34692B63C9EF008A6CD5 /* Resources */ = {
			isa = PBXResourcesBuildPhase;
			buildActionMask = 2147483647;
			files = (
				FDAC34762B63C9F1008A6CD5 /* Preview Assets.xcassets in Resources */,
				FDAC34732B63C9F1008A6CD5 /* Assets.xcassets in Resources */,
				FD1E82EA2B641E7700964A1F /* GoogleService-Info.plist in Resources */,
			);
			runOnlyForDeploymentPostprocessing = 0;
		};
/* End PBXResourcesBuildPhase section */

/* Begin PBXSourcesBuildPhase section */
		FDAC34672B63C9EF008A6CD5 /* Sources */ = {
			isa = PBXSourcesBuildPhase;
			buildActionMask = 2147483647;
			files = (
				FDB2CB842B66B28100590551 /* PasswordUpdateView.swift in Sources */,
				FDE3F5E82B6543E100AEB7A4 /* RootView.swift in Sources */,
				FD1E82E62B63CA8100964A1F /* MainView.swift in Sources */,
				FDE3F5EC2B656B6000AEB7A4 /* CustomCell.swift in Sources */,
				FDB2CB802B66525A00590551 /* NameUpdateView.swift in Sources */,
				FDE3F5DC2B64B91E00AEB7A4 /* SocialMediaViewModel.swift in Sources */,
				FDE3F5EA2B65472200AEB7A4 /* SettingsView.swift in Sources */,
				FDB2CB862B66B61F00590551 /* EmailUpdateView.swift in Sources */,
				FDAC346F2B63C9EF008A6CD5 /* SocialMediaApp.swift in Sources */,
				FDB2CB8A2B66B91800590551 /* PictureUpdateView.swift in Sources */,
				FDE3F5EE2B656C1C00AEB7A4 /* MessagesView.swift in Sources */,
				FDE3F5E42B64C3E500AEB7A4 /* AuthenticationManager.swift in Sources */,
				FD1E82E82B63CEB200964A1F /* AuthentificationView.swift in Sources */,
				FDE3F5E22B64BFF600AEB7A4 /* SignInEmailView.swift in Sources */,
			);
			runOnlyForDeploymentPostprocessing = 0;
		};
/* End PBXSourcesBuildPhase section */

/* Begin XCBuildConfiguration section */
		FDAC34772B63C9F1008A6CD5 /* Debug */ = {
			isa = XCBuildConfiguration;
			buildSettings = {
				ALWAYS_SEARCH_USER_PATHS = NO;
				ASSETCATALOG_COMPILER_GENERATE_SWIFT_ASSET_SYMBOL_EXTENSIONS = YES;
				CLANG_ANALYZER_NONNULL = YES;
				CLANG_ANALYZER_NUMBER_OBJECT_CONVERSION = YES_AGGRESSIVE;
				CLANG_CXX_LANGUAGE_STANDARD = "gnu++20";
				CLANG_ENABLE_MODULES = YES;
				CLANG_ENABLE_OBJC_ARC = YES;
				CLANG_ENABLE_OBJC_WEAK = YES;
				CLANG_WARN_BLOCK_CAPTURE_AUTORELEASING = YES;
				CLANG_WARN_BOOL_CONVERSION = YES;
				CLANG_WARN_COMMA = YES;
				CLANG_WARN_CONSTANT_CONVERSION = YES;
				CLANG_WARN_DEPRECATED_OBJC_IMPLEMENTATIONS = YES;
				CLANG_WARN_DIRECT_OBJC_ISA_USAGE = YES_ERROR;
				CLANG_WARN_DOCUMENTATION_COMMENTS = YES;
				CLANG_WARN_EMPTY_BODY = YES;
				CLANG_WARN_ENUM_CONVERSION = YES;
				CLANG_WARN_INFINITE_RECURSION = YES;
				CLANG_WARN_INT_CONVERSION = YES;
				CLANG_WARN_NON_LITERAL_NULL_CONVERSION = YES;
				CLANG_WARN_OBJC_IMPLICIT_RETAIN_SELF = YES;
				CLANG_WARN_OBJC_LITERAL_CONVERSION = YES;
				CLANG_WARN_OBJC_ROOT_CLASS = YES_ERROR;
				CLANG_WARN_QUOTED_INCLUDE_IN_FRAMEWORK_HEADER = YES;
				CLANG_WARN_RANGE_LOOP_ANALYSIS = YES;
				CLANG_WARN_STRICT_PROTOTYPES = YES;
				CLANG_WARN_SUSPICIOUS_MOVE = YES;
				CLANG_WARN_UNGUARDED_AVAILABILITY = YES_AGGRESSIVE;
				CLANG_WARN_UNREACHABLE_CODE = YES;
				CLANG_WARN__DUPLICATE_METHOD_MATCH = YES;
				COPY_PHASE_STRIP = NO;
				DEBUG_INFORMATION_FORMAT = dwarf;
				ENABLE_STRICT_OBJC_MSGSEND = YES;
				ENABLE_TESTABILITY = YES;
				ENABLE_USER_SCRIPT_SANDBOXING = YES;
				GCC_C_LANGUAGE_STANDARD = gnu17;
				GCC_DYNAMIC_NO_PIC = NO;
				GCC_NO_COMMON_BLOCKS = YES;
				GCC_OPTIMIZATION_LEVEL = 0;
				GCC_PREPROCESSOR_DEFINITIONS = (
					"DEBUG=1",
					"$(inherited)",
				);
				GCC_WARN_64_TO_32_BIT_CONVERSION = YES;
				GCC_WARN_ABOUT_RETURN_TYPE = YES_ERROR;
				GCC_WARN_UNDECLARED_SELECTOR = YES;
				GCC_WARN_UNINITIALIZED_AUTOS = YES_AGGRESSIVE;
				GCC_WARN_UNUSED_FUNCTION = YES;
				GCC_WARN_UNUSED_VARIABLE = YES;
				IPHONEOS_DEPLOYMENT_TARGET = 17.2;
				LOCALIZATION_PREFERS_STRING_CATALOGS = YES;
				MTL_ENABLE_DEBUG_INFO = INCLUDE_SOURCE;
				MTL_FAST_MATH = YES;
				ONLY_ACTIVE_ARCH = YES;
				SDKROOT = iphoneos;
				SWIFT_ACTIVE_COMPILATION_CONDITIONS = "DEBUG $(inherited)";
				SWIFT_OPTIMIZATION_LEVEL = "-Onone";
			};
			name = Debug;
		};
		FDAC34782B63C9F1008A6CD5 /* Release */ = {
			isa = XCBuildConfiguration;
			buildSettings = {
				ALWAYS_SEARCH_USER_PATHS = NO;
				ASSETCATALOG_COMPILER_GENERATE_SWIFT_ASSET_SYMBOL_EXTENSIONS = YES;
				CLANG_ANALYZER_NONNULL = YES;
				CLANG_ANALYZER_NUMBER_OBJECT_CONVERSION = YES_AGGRESSIVE;
				CLANG_CXX_LANGUAGE_STANDARD = "gnu++20";
				CLANG_ENABLE_MODULES = YES;
				CLANG_ENABLE_OBJC_ARC = YES;
				CLANG_ENABLE_OBJC_WEAK = YES;
				CLANG_WARN_BLOCK_CAPTURE_AUTORELEASING = YES;
				CLANG_WARN_BOOL_CONVERSION = YES;
				CLANG_WARN_COMMA = YES;
				CLANG_WARN_CONSTANT_CONVERSION = YES;
				CLANG_WARN_DEPRECATED_OBJC_IMPLEMENTATIONS = YES;
				CLANG_WARN_DIRECT_OBJC_ISA_USAGE = YES_ERROR;
				CLANG_WARN_DOCUMENTATION_COMMENTS = YES;
				CLANG_WARN_EMPTY_BODY = YES;
				CLANG_WARN_ENUM_CONVERSION = YES;
				CLANG_WARN_INFINITE_RECURSION = YES;
				CLANG_WARN_INT_CONVERSION = YES;
				CLANG_WARN_NON_LITERAL_NULL_CONVERSION = YES;
				CLANG_WARN_OBJC_IMPLICIT_RETAIN_SELF = YES;
				CLANG_WARN_OBJC_LITERAL_CONVERSION = YES;
				CLANG_WARN_OBJC_ROOT_CLASS = YES_ERROR;
				CLANG_WARN_QUOTED_INCLUDE_IN_FRAMEWORK_HEADER = YES;
				CLANG_WARN_RANGE_LOOP_ANALYSIS = YES;
				CLANG_WARN_STRICT_PROTOTYPES = YES;
				CLANG_WARN_SUSPICIOUS_MOVE = YES;
				CLANG_WARN_UNGUARDED_AVAILABILITY = YES_AGGRESSIVE;
				CLANG_WARN_UNREACHABLE_CODE = YES;
				CLANG_WARN__DUPLICATE_METHOD_MATCH = YES;
				COPY_PHASE_STRIP = NO;
				DEBUG_INFORMATION_FORMAT = "dwarf-with-dsym";
				ENABLE_NS_ASSERTIONS = NO;
				ENABLE_STRICT_OBJC_MSGSEND = YES;
				ENABLE_USER_SCRIPT_SANDBOXING = YES;
				GCC_C_LANGUAGE_STANDARD = gnu17;
				GCC_NO_COMMON_BLOCKS = YES;
				GCC_WARN_64_TO_32_BIT_CONVERSION = YES;
				GCC_WARN_ABOUT_RETURN_TYPE = YES_ERROR;
				GCC_WARN_UNDECLARED_SELECTOR = YES;
				GCC_WARN_UNINITIALIZED_AUTOS = YES_AGGRESSIVE;
				GCC_WARN_UNUSED_FUNCTION = YES;
				GCC_WARN_UNUSED_VARIABLE = YES;
				IPHONEOS_DEPLOYMENT_TARGET = 17.2;
				LOCALIZATION_PREFERS_STRING_CATALOGS = YES;
				MTL_ENABLE_DEBUG_INFO = NO;
				MTL_FAST_MATH = YES;
				SDKROOT = iphoneos;
				SWIFT_COMPILATION_MODE = wholemodule;
				VALIDATE_PRODUCT = YES;
			};
			name = Release;
		};
		FDAC347A2B63C9F1008A6CD5 /* Debug */ = {
			isa = XCBuildConfiguration;
			buildSettings = {
				ASSETCATALOG_COMPILER_APPICON_NAME = AppIcon;
				ASSETCATALOG_COMPILER_GLOBAL_ACCENT_COLOR_NAME = AccentColor;
				CODE_SIGN_STYLE = Automatic;
				CURRENT_PROJECT_VERSION = 1;
				DEVELOPMENT_ASSET_PATHS = "\"SocialMedia/Preview Content\"";
				DEVELOPMENT_TEAM = UPJFF392KA;
				ENABLE_PREVIEWS = YES;
				GENERATE_INFOPLIST_FILE = YES;
				INFOPLIST_KEY_UIApplicationSceneManifest_Generation = YES;
				INFOPLIST_KEY_UIApplicationSupportsIndirectInputEvents = YES;
				INFOPLIST_KEY_UILaunchScreen_Generation = YES;
				INFOPLIST_KEY_UISupportedInterfaceOrientations_iPad = "UIInterfaceOrientationPortrait UIInterfaceOrientationPortraitUpsideDown UIInterfaceOrientationLandscapeLeft UIInterfaceOrientationLandscapeRight";
				INFOPLIST_KEY_UISupportedInterfaceOrientations_iPhone = "UIInterfaceOrientationPortrait UIInterfaceOrientationLandscapeLeft UIInterfaceOrientationLandscapeRight";
				LD_RUNPATH_SEARCH_PATHS = (
					"$(inherited)",
					"@executable_path/Frameworks",
				);
				MARKETING_VERSION = 1.0;
				PRODUCT_BUNDLE_IDENTIFIER = com.nky.SocialMedia;
				PRODUCT_NAME = "$(TARGET_NAME)";
				SWIFT_EMIT_LOC_STRINGS = YES;
				SWIFT_VERSION = 5.0;
				TARGETED_DEVICE_FAMILY = "1,2";
			};
			name = Debug;
		};
		FDAC347B2B63C9F1008A6CD5 /* Release */ = {
			isa = XCBuildConfiguration;
			buildSettings = {
				ASSETCATALOG_COMPILER_APPICON_NAME = AppIcon;
				ASSETCATALOG_COMPILER_GLOBAL_ACCENT_COLOR_NAME = AccentColor;
				CODE_SIGN_STYLE = Automatic;
				CURRENT_PROJECT_VERSION = 1;
				DEVELOPMENT_ASSET_PATHS = "\"SocialMedia/Preview Content\"";
				DEVELOPMENT_TEAM = UPJFF392KA;
				ENABLE_PREVIEWS = YES;
				GENERATE_INFOPLIST_FILE = YES;
				INFOPLIST_KEY_UIApplicationSceneManifest_Generation = YES;
				INFOPLIST_KEY_UIApplicationSupportsIndirectInputEvents = YES;
				INFOPLIST_KEY_UILaunchScreen_Generation = YES;
				INFOPLIST_KEY_UISupportedInterfaceOrientations_iPad = "UIInterfaceOrientationPortrait UIInterfaceOrientationPortraitUpsideDown UIInterfaceOrientationLandscapeLeft UIInterfaceOrientationLandscapeRight";
				INFOPLIST_KEY_UISupportedInterfaceOrientations_iPhone = "UIInterfaceOrientationPortrait UIInterfaceOrientationLandscapeLeft UIInterfaceOrientationLandscapeRight";
				LD_RUNPATH_SEARCH_PATHS = (
					"$(inherited)",
					"@executable_path/Frameworks",
				);
				MARKETING_VERSION = 1.0;
				PRODUCT_BUNDLE_IDENTIFIER = com.nky.SocialMedia;
				PRODUCT_NAME = "$(TARGET_NAME)";
				SWIFT_EMIT_LOC_STRINGS = YES;
				SWIFT_VERSION = 5.0;
				TARGETED_DEVICE_FAMILY = "1,2";
			};
			name = Release;
		};
/* End XCBuildConfiguration section */

/* Begin XCConfigurationList section */
		FDAC34662B63C9EF008A6CD5 /* Build configuration list for PBXProject "SocialMedia" */ = {
			isa = XCConfigurationList;
			buildConfigurations = (
				FDAC34772B63C9F1008A6CD5 /* Debug */,
				FDAC34782B63C9F1008A6CD5 /* Release */,
			);
			defaultConfigurationIsVisible = 0;
			defaultConfigurationName = Release;
		};
		FDAC34792B63C9F1008A6CD5 /* Build configuration list for PBXNativeTarget "SocialMedia" */ = {
			isa = XCConfigurationList;
			buildConfigurations = (
				FDAC347A2B63C9F1008A6CD5 /* Debug */,
				FDAC347B2B63C9F1008A6CD5 /* Release */,
			);
			defaultConfigurationIsVisible = 0;
			defaultConfigurationName = Release;
		};
/* End XCConfigurationList section */

/* Begin XCRemoteSwiftPackageReference section */
		FD1E82EB2B6420F700964A1F /* XCRemoteSwiftPackageReference "firebase-ios-sdk" */ = {
			isa = XCRemoteSwiftPackageReference;
			repositoryURL = "https://github.com/firebase/firebase-ios-sdk.git";
			requirement = {
				kind = upToNextMajorVersion;
				minimumVersion = 10.20.0;
			};
		};
/* End XCRemoteSwiftPackageReference section */

/* Begin XCSwiftPackageProductDependency section */
		FD1E82EC2B6420F700964A1F /* FirebaseAnalytics */ = {
			isa = XCSwiftPackageProductDependency;
			package = FD1E82EB2B6420F700964A1F /* XCRemoteSwiftPackageReference "firebase-ios-sdk" */;
			productName = FirebaseAnalytics;
		};
		FD1E82F02B6420F700964A1F /* FirebaseAnalyticsSwift */ = {
			isa = XCSwiftPackageProductDependency;
			package = FD1E82EB2B6420F700964A1F /* XCRemoteSwiftPackageReference "firebase-ios-sdk" */;
			productName = FirebaseAnalyticsSwift;
		};
		FD1E82F82B6420F700964A1F /* FirebaseAuth */ = {
			isa = XCSwiftPackageProductDependency;
			package = FD1E82EB2B6420F700964A1F /* XCRemoteSwiftPackageReference "firebase-ios-sdk" */;
			productName = FirebaseAuth;
		};
/* End XCSwiftPackageProductDependency section */
	};
	rootObject = FDAC34632B63C9EF008A6CD5 /* Project object */;
}
